<?xml version="1.0" encoding="utf-8"?><WorkWithObjectsConfig xmlns:xsi="http://www.w3.org/2001/XMLSchema-instance" xmlns:xsd="http://www.w3.org/2001/XMLSchema"><Pattern>cliente</Pattern><Type>*Objects</Type><ShowAll>false</ShowAll><WSObjectsNames /><WSObjectsTypes /><ShowMore>false</ShowMore><Category>*ALL</Category><Parent /><ModifiedBy>false</ModifiedBy><Search /><UserName /><DateTypeFilter /><DateFilter>0001-01-01T00:00:00</DateFilter><ColumnNameSize>158</ColumnNameSize><ColumnTypeSize>129</ColumnTypeSize><ColumnDescriptionSize>170</ColumnDescriptionSize><ColumnDateSize>86</ColumnDateSize><ColumnUserSize>65</ColumnUserSize><ColumnImportDateSize>118</ColumnImportDateSize><ColumnSpecifiedDateSize>103</ColumnSpecifiedDateSize><FormWidth>782</FormWidth><FormHeigth>603</FormHeigth></WorkWithObjectsConfig>