<?xml version="1.0" encoding="utf-8"?><WorkWithAttributesConfig xmlns:xsi="http://www.w3.org/2001/XMLSchema-instance" xmlns:xsd="http://www.w3.org/2001/XMLSchema"><Pattern /><Type /><ShowAll>false</ShowAll><TypeObject /><Object /><ShowMore>false</ShowMore><ColumnNameSize>115</ColumnNameSize><ColumnTypeSize>105</ColumnTypeSize><ColumnModuleSize>104</ColumnModuleSize><ColumnDescriptionSize>105</ColumnDescriptionSize><FormWidth>516</FormWidth><FormHeigth>592</FormHeigth></WorkWithAttributesConfig>