<?xml version="1.0" encoding="utf-8"?><WorkWithObjectsConfig xmlns:xsi="http://www.w3.org/2001/XMLSchema-instance" xmlns:xsd="http://www.w3.org/2001/XMLSchema"><Pattern /><Type>*All</Type><ShowAll>false</ShowAll><WSObjectsNames /><WSObjectsTypes /><ShowMore>false</ShowMore><Category>*ALL</Category><Parent /><ModifiedBy>false</ModifiedBy><Search /><UserName /><DateTypeFilter /><DateFilter>0001-01-01T00:00:00</DateFilter><ColumnNameSize>151</ColumnNameSize><ColumnTypeSize>122</ColumnTypeSize><ColumnDescriptionSize>165</ColumnDescriptionSize><ColumnDateSize>83</ColumnDateSize><ColumnUserSize>65</ColumnUserSize><ColumnImportDateSize>125</ColumnImportDateSize><ColumnSpecifiedDateSize>103</ColumnSpecifiedDateSize><FormWidth>782</FormWidth><FormHeigth>603</FormHeigth></WorkWithObjectsConfig>