
Microsoft Visual Studio Solution File, Format Version 12.00
# Visual Studio 14
VisualStudioVersion = 14.0.25420.1
MinimumVisualStudioVersion = 10.0.40219.1
Project("{FAE04EC0-301F-11D3-BF4B-00C04F79EFBC}") = "repaso parcial maurin", "repaso parcial maurin\repaso parcial maurin.csproj", "{2E7502FF-6476-40CA-8EA0-EE0320D5080F}"
EndProject
Project("{FAE04EC0-301F-11D3-BF4B-00C04F79EFBC}") = "DAL", "DAL\DAL.csproj", "{74981069-708D-4314-90BF-21F6CD754BC6}"
EndProject
Global
	GlobalSection(SolutionConfigurationPlatforms) = preSolution
		Debug|Any CPU = Debug|Any CPU
		Release|Any CPU = Release|Any CPU
	EndGlobalSection
	GlobalSection(ProjectConfigurationPlatforms) = postSolution
		{2E7502FF-6476-40CA-8EA0-EE0320D5080F}.Debug|Any CPU.ActiveCfg = Debug|Any CPU
		{2E7502FF-6476-40CA-8EA0-EE0320D5080F}.Debug|Any CPU.Build.0 = Debug|Any CPU
		{2E7502FF-6476-40CA-8EA0-EE0320D5080F}.Release|Any CPU.ActiveCfg = Release|Any CPU
		{2E7502FF-6476-40CA-8EA0-EE0320D5080F}.Release|Any CPU.Build.0 = Release|Any CPU
		{74981069-708D-4314-90BF-21F6CD754BC6}.Debug|Any CPU.ActiveCfg = Debug|Any CPU
		{74981069-708D-4314-90BF-21F6CD754BC6}.Debug|Any CPU.Build.0 = Debug|Any CPU
		{74981069-708D-4314-90BF-21F6CD754BC6}.Release|Any CPU.ActiveCfg = Release|Any CPU
		{74981069-708D-4314-90BF-21F6CD754BC6}.Release|Any CPU.Build.0 = Release|Any CPU
	EndGlobalSection
	GlobalSection(SolutionProperties) = preSolution
		HideSolutionNode = FALSE
	EndGlobalSection
EndGlobal
