
Microsoft Visual Studio Solution File, Format Version 12.00
# Visual Studio 15
VisualStudioVersion = 15.0.26730.15
MinimumVisualStudioVersion = 10.0.40219.1
Project("{FAE04EC0-301F-11D3-BF4B-00C04F79EFBC}") = "Obligatorio", "ConsoleApplication1\Obligatorio.csproj", "{FFCEBCBA-D618-4C71-8557-F35FBE00A098}"
EndProject
Global
	GlobalSection(SolutionConfigurationPlatforms) = preSolution
		Debug|Any CPU = Debug|Any CPU
		Release|Any CPU = Release|Any CPU
	EndGlobalSection
	GlobalSection(ProjectConfigurationPlatforms) = postSolution
		{FFCEBCBA-D618-4C71-8557-F35FBE00A098}.Debug|Any CPU.ActiveCfg = Debug|Any CPU
		{FFCEBCBA-D618-4C71-8557-F35FBE00A098}.Debug|Any CPU.Build.0 = Debug|Any CPU
		{FFCEBCBA-D618-4C71-8557-F35FBE00A098}.Release|Any CPU.ActiveCfg = Release|Any CPU
		{FFCEBCBA-D618-4C71-8557-F35FBE00A098}.Release|Any CPU.Build.0 = Release|Any CPU
	EndGlobalSection
	GlobalSection(SolutionProperties) = preSolution
		HideSolutionNode = FALSE
	EndGlobalSection
	GlobalSection(ExtensibilityGlobals) = postSolution
		SolutionGuid = {F77839E2-567F-4475-9A84-8F7F7FC5F7FF}
	EndGlobalSection
EndGlobal
