<?xml version="1.0" encoding="utf-8"?><WorkWithObjectsConfig xmlns:xsi="http://www.w3.org/2001/XMLSchema-instance" xmlns:xsd="http://www.w3.org/2001/XMLSchema"><Pattern /><Type>*Objects</Type><ShowAll>false</ShowAll><WSObjectsNames /><WSObjectsTypes /><ShowMore>false</ShowMore><Category /><Parent /><ModifiedBy>false</ModifiedBy><Search /><UserName /><DateTypeFilter /><DateFilter>0001-01-01T00:00:00</DateFilter><ColumnNameSize>140</ColumnNameSize><ColumnTypeSize>8</ColumnTypeSize><ColumnDescriptionSize>348</ColumnDescriptionSize><ColumnDateSize>52</ColumnDateSize><ColumnUserSize>8</ColumnUserSize><ColumnImportDateSize>8</ColumnImportDateSize><ColumnSpecifiedDateSize>81</ColumnSpecifiedDateSize><FormWidth>0</FormWidth><FormHeigth>0</FormHeigth></WorkWithObjectsConfig>