
Microsoft Visual Studio Solution File, Format Version 12.00
# Visual Studio 15
VisualStudioVersion = 15.0.27703.2035
MinimumVisualStudioVersion = 10.0.40219.1
Project("{FAE04EC0-301F-11D3-BF4B-00C04F79EFBC}") = "Obligatorio programacion 3 de nuevo", "Obligatorio programacion 3 de nuevo\Obligatorio programacion 3 de nuevo.csproj", "{BC1562F1-0D5C-4757-A9AE-E9C30789BD0E}"
EndProject
Global
	GlobalSection(SolutionConfigurationPlatforms) = preSolution
		Debug|Any CPU = Debug|Any CPU
		Release|Any CPU = Release|Any CPU
	EndGlobalSection
	GlobalSection(ProjectConfigurationPlatforms) = postSolution
		{BC1562F1-0D5C-4757-A9AE-E9C30789BD0E}.Debug|Any CPU.ActiveCfg = Debug|Any CPU
		{BC1562F1-0D5C-4757-A9AE-E9C30789BD0E}.Debug|Any CPU.Build.0 = Debug|Any CPU
		{BC1562F1-0D5C-4757-A9AE-E9C30789BD0E}.Release|Any CPU.ActiveCfg = Release|Any CPU
		{BC1562F1-0D5C-4757-A9AE-E9C30789BD0E}.Release|Any CPU.Build.0 = Release|Any CPU
	EndGlobalSection
	GlobalSection(SolutionProperties) = preSolution
		HideSolutionNode = FALSE
	EndGlobalSection
	GlobalSection(ExtensibilityGlobals) = postSolution
		SolutionGuid = {FF27F71D-477B-4557-B7D5-0BBBC5B8A424}
	EndGlobalSection
EndGlobal
