
Microsoft Visual Studio Solution File, Format Version 12.00
# Visual Studio 15
VisualStudioVersion = 15.0.27130.2027
MinimumVisualStudioVersion = 10.0.40219.1
Project("{FAE04EC0-301F-11D3-BF4B-00C04F79EFBC}") = "Consola", "Consola\Consola.csproj", "{4FE50FD1-9057-4D61-B407-56497CA9A5C7}"
EndProject
Project("{FAE04EC0-301F-11D3-BF4B-00C04F79EFBC}") = "Dominio", "Dominio\Dominio.csproj", "{9D917D93-8653-4CBF-99D8-7305DEA1C99F}"
EndProject
Global
	GlobalSection(SolutionConfigurationPlatforms) = preSolution
		Debug|Any CPU = Debug|Any CPU
		Release|Any CPU = Release|Any CPU
	EndGlobalSection
	GlobalSection(ProjectConfigurationPlatforms) = postSolution
		{4FE50FD1-9057-4D61-B407-56497CA9A5C7}.Debug|Any CPU.ActiveCfg = Debug|Any CPU
		{4FE50FD1-9057-4D61-B407-56497CA9A5C7}.Debug|Any CPU.Build.0 = Debug|Any CPU
		{4FE50FD1-9057-4D61-B407-56497CA9A5C7}.Release|Any CPU.ActiveCfg = Release|Any CPU
		{4FE50FD1-9057-4D61-B407-56497CA9A5C7}.Release|Any CPU.Build.0 = Release|Any CPU
		{9D917D93-8653-4CBF-99D8-7305DEA1C99F}.Debug|Any CPU.ActiveCfg = Debug|Any CPU
		{9D917D93-8653-4CBF-99D8-7305DEA1C99F}.Debug|Any CPU.Build.0 = Debug|Any CPU
		{9D917D93-8653-4CBF-99D8-7305DEA1C99F}.Release|Any CPU.ActiveCfg = Release|Any CPU
		{9D917D93-8653-4CBF-99D8-7305DEA1C99F}.Release|Any CPU.Build.0 = Release|Any CPU
	EndGlobalSection
	GlobalSection(SolutionProperties) = preSolution
		HideSolutionNode = FALSE
	EndGlobalSection
	GlobalSection(ExtensibilityGlobals) = postSolution
		SolutionGuid = {8F188F03-844E-4702-ACC8-0CBE14ACB60C}
	EndGlobalSection
EndGlobal
