<?xml version="1.0" encoding="utf-8"?><WorkWithAttributesConfig xmlns:xsi="http://www.w3.org/2001/XMLSchema-instance" xmlns:xsd="http://www.w3.org/2001/XMLSchema"><Pattern /><Type /><ShowAll>false</ShowAll><TypeObject /><Object /><ShowMore>false</ShowMore><ColumnNameSize>102</ColumnNameSize><ColumnTypeSize>102</ColumnTypeSize><ColumnModuleSize>0</ColumnModuleSize><ColumnDescriptionSize>102</ColumnDescriptionSize><FormWidth>0</FormWidth><FormHeigth>0</FormHeigth></WorkWithAttributesConfig>