<?xml version="1.0" encoding="utf-8"?><WorkWithAttributesConfig xmlns:xsi="http://www.w3.org/2001/XMLSchema-instance" xmlns:xsd="http://www.w3.org/2001/XMLSchema"><Pattern>socio</Pattern><Type /><ShowAll>false</ShowAll><TypeObject /><Object /><ShowMore>false</ShowMore><ColumnNameSize>119</ColumnNameSize><ColumnTypeSize>109</ColumnTypeSize><ColumnModuleSize>109</ColumnModuleSize><ColumnDescriptionSize>109</ColumnDescriptionSize><FormWidth>516</FormWidth><FormHeigth>592</FormHeigth></WorkWithAttributesConfig>