<?xml version="1.0" encoding="utf-8"?><WorkWithObjectsConfig xmlns:xsi="http://www.w3.org/2001/XMLSchema-instance" xmlns:xsd="http://www.w3.org/2001/XMLSchema"><Pattern>Listado</Pattern><Type>*All</Type><ShowAll>false</ShowAll><WSObjectsNames /><WSObjectsTypes /><ShowMore>false</ShowMore><Category>*ALL</Category><Parent /><ModifiedBy>false</ModifiedBy><Search /><UserName /><DateTypeFilter /><DateFilter>0001-01-01T00:00:00</DateFilter><ColumnNameSize>227</ColumnNameSize><ColumnTypeSize>181</ColumnTypeSize><ColumnDescriptionSize>240</ColumnDescriptionSize><ColumnDateSize>92</ColumnDateSize><ColumnUserSize>35</ColumnUserSize><ColumnImportDateSize>182</ColumnImportDateSize><ColumnSpecifiedDateSize>64</ColumnSpecifiedDateSize><FormWidth>1062</FormWidth><FormHeigth>603</FormHeigth></WorkWithObjectsConfig>